// !$*UTF8*$!
{
	archiveVersion = 1;
	classes = {
	};
	objectVersion = 46;
	objects = {

/* Begin PBXBuildFile section */
		2808ECB21C1B468000EA65A0 /* LibraryModel.swift in Sources */ = {isa = PBXBuildFile; fileRef = 2808ECB11C1B468000EA65A0 /* LibraryModel.swift */; };
		286D73371C1BEEA4007EDCFB /* books_readable.json in Resources */ = {isa = PBXBuildFile; fileRef = 286D73361C1BEEA4007EDCFB /* books_readable.json */; };
		286D733B1C1BF162007EDCFB /* JSONProcesing.swift in Sources */ = {isa = PBXBuildFile; fileRef = 286D733A1C1BF162007EDCFB /* JSONProcesing.swift */; };
		286D736C1C1D88AB007EDCFB /* Main.storyboard in Resources */ = {isa = PBXBuildFile; fileRef = 286D736A1C1D88AB007EDCFB /* Main.storyboard */; };
		286D736D1C1D88AB007EDCFB /* LaunchScreen.storyboard in Resources */ = {isa = PBXBuildFile; fileRef = 286D736B1C1D88AB007EDCFB /* LaunchScreen.storyboard */; };
		286D73711C1D88CD007EDCFB /* MasterViewController.swift in Sources */ = {isa = PBXBuildFile; fileRef = 286D736F1C1D88CD007EDCFB /* MasterViewController.swift */; };
		286D73721C1D88CD007EDCFB /* DetailViewController.swift in Sources */ = {isa = PBXBuildFile; fileRef = 286D73701C1D88CD007EDCFB /* DetailViewController.swift */; };
		286D73741C1D915B007EDCFB /* LibraryTableViewController.swift in Sources */ = {isa = PBXBuildFile; fileRef = 286D73731C1D915B007EDCFB /* LibraryTableViewController.swift */; };
		286D73771C1D91CD007EDCFB /* BookTableViewCell.swift in Sources */ = {isa = PBXBuildFile; fileRef = 286D73761C1D91CD007EDCFB /* BookTableViewCell.swift */; };
		288352D11C0B99840048B5A8 /* AppDelegate.swift in Sources */ = {isa = PBXBuildFile; fileRef = 288352D01C0B99840048B5A8 /* AppDelegate.swift */; };
		288352D81C0B99840048B5A8 /* Assets.xcassets in Resources */ = {isa = PBXBuildFile; fileRef = 288352D71C0B99840048B5A8 /* Assets.xcassets */; };
		288352E61C0B99850048B5A8 /* HackerBooksTests.swift in Sources */ = {isa = PBXBuildFile; fileRef = 288352E51C0B99850048B5A8 /* HackerBooksTests.swift */; };
		28B0069E1C1B3EBF003FAC7A /* BookModel.swift in Sources */ = {isa = PBXBuildFile; fileRef = 28B0069D1C1B3EBF003FAC7A /* BookModel.swift */; };
/* End PBXBuildFile section */

/* Begin PBXContainerItemProxy section */
		288352E21C0B99840048B5A8 /* PBXContainerItemProxy */ = {
			isa = PBXContainerItemProxy;
			containerPortal = 288352C51C0B99840048B5A8 /* Project object */;
			proxyType = 1;
			remoteGlobalIDString = 288352CC1C0B99840048B5A8;
			remoteInfo = HackerBooks;
		};
/* End PBXContainerItemProxy section */

/* Begin PBXFileReference section */
		2808ECB11C1B468000EA65A0 /* LibraryModel.swift */ = {isa = PBXFileReference; fileEncoding = 4; lastKnownFileType = sourcecode.swift; path = LibraryModel.swift; sourceTree = "<group>"; };
		286D73361C1BEEA4007EDCFB /* books_readable.json */ = {isa = PBXFileReference; fileEncoding = 4; lastKnownFileType = text.json; path = books_readable.json; sourceTree = "<group>"; };
		286D733A1C1BF162007EDCFB /* JSONProcesing.swift */ = {isa = PBXFileReference; fileEncoding = 4; lastKnownFileType = sourcecode.swift; path = JSONProcesing.swift; sourceTree = "<group>"; };
		286D736A1C1D88AB007EDCFB /* Main.storyboard */ = {isa = PBXFileReference; fileEncoding = 4; lastKnownFileType = file.storyboard; path = Main.storyboard; sourceTree = "<group>"; };
		286D736B1C1D88AB007EDCFB /* LaunchScreen.storyboard */ = {isa = PBXFileReference; fileEncoding = 4; lastKnownFileType = file.storyboard; path = LaunchScreen.storyboard; sourceTree = "<group>"; };
		286D736F1C1D88CD007EDCFB /* MasterViewController.swift */ = {isa = PBXFileReference; fileEncoding = 4; lastKnownFileType = sourcecode.swift; path = MasterViewController.swift; sourceTree = "<group>"; };
		286D73701C1D88CD007EDCFB /* DetailViewController.swift */ = {isa = PBXFileReference; fileEncoding = 4; lastKnownFileType = sourcecode.swift; path = DetailViewController.swift; sourceTree = "<group>"; };
		286D73731C1D915B007EDCFB /* LibraryTableViewController.swift */ = {isa = PBXFileReference; fileEncoding = 4; lastKnownFileType = sourcecode.swift; path = LibraryTableViewController.swift; sourceTree = "<group>"; };
		286D73761C1D91CD007EDCFB /* BookTableViewCell.swift */ = {isa = PBXFileReference; fileEncoding = 4; lastKnownFileType = sourcecode.swift; path = BookTableViewCell.swift; sourceTree = "<group>"; };
		288352CD1C0B99840048B5A8 /* HackerBooks.app */ = {isa = PBXFileReference; explicitFileType = wrapper.application; includeInIndex = 0; path = HackerBooks.app; sourceTree = BUILT_PRODUCTS_DIR; };
		288352D01C0B99840048B5A8 /* AppDelegate.swift */ = {isa = PBXFileReference; lastKnownFileType = sourcecode.swift; path = AppDelegate.swift; sourceTree = "<group>"; };
		288352D71C0B99840048B5A8 /* Assets.xcassets */ = {isa = PBXFileReference; lastKnownFileType = folder.assetcatalog; path = Assets.xcassets; sourceTree = "<group>"; };
		288352DC1C0B99840048B5A8 /* Info.plist */ = {isa = PBXFileReference; lastKnownFileType = text.plist.xml; path = Info.plist; sourceTree = "<group>"; };
		288352E11C0B99840048B5A8 /* HackerBooksTests.xctest */ = {isa = PBXFileReference; explicitFileType = wrapper.cfbundle; includeInIndex = 0; path = HackerBooksTests.xctest; sourceTree = BUILT_PRODUCTS_DIR; };
		288352E51C0B99850048B5A8 /* HackerBooksTests.swift */ = {isa = PBXFileReference; lastKnownFileType = sourcecode.swift; path = HackerBooksTests.swift; sourceTree = "<group>"; };
		288352E71C0B99850048B5A8 /* Info.plist */ = {isa = PBXFileReference; lastKnownFileType = text.plist.xml; path = Info.plist; sourceTree = "<group>"; };
		28B0069D1C1B3EBF003FAC7A /* BookModel.swift */ = {isa = PBXFileReference; fileEncoding = 4; lastKnownFileType = sourcecode.swift; path = BookModel.swift; sourceTree = "<group>"; };
/* End PBXFileReference section */

/* Begin PBXFrameworksBuildPhase section */
		288352CA1C0B99840048B5A8 /* Frameworks */ = {
			isa = PBXFrameworksBuildPhase;
			buildActionMask = 2147483647;
			files = (
			);
			runOnlyForDeploymentPostprocessing = 0;
		};
		288352DE1C0B99840048B5A8 /* Frameworks */ = {
			isa = PBXFrameworksBuildPhase;
			buildActionMask = 2147483647;
			files = (
			);
			runOnlyForDeploymentPostprocessing = 0;
		};
/* End PBXFrameworksBuildPhase section */

/* Begin PBXGroup section */
		286D73381C1BEEA9007EDCFB /* Resources */ = {
			isa = PBXGroup;
			children = (
				286D73361C1BEEA4007EDCFB /* books_readable.json */,
			);
			name = Resources;
			sourceTree = "<group>";
		};
		286D73391C1BF14B007EDCFB /* JSON */ = {
			isa = PBXGroup;
			children = (
				286D733A1C1BF162007EDCFB /* JSONProcesing.swift */,
			);
			name = JSON;
			sourceTree = "<group>";
		};
		286D736E1C1D88B7007EDCFB /* ViewControllers */ = {
			isa = PBXGroup;
			children = (
				286D736F1C1D88CD007EDCFB /* MasterViewController.swift */,
				286D73701C1D88CD007EDCFB /* DetailViewController.swift */,
				286D73731C1D915B007EDCFB /* LibraryTableViewController.swift */,
			);
			name = ViewControllers;
			sourceTree = "<group>";
		};
		286D73751C1D91AA007EDCFB /* Views */ = {
			isa = PBXGroup;
			children = (
				286D73761C1D91CD007EDCFB /* BookTableViewCell.swift */,
			);
			name = Views;
			sourceTree = "<group>";
		};
		288352C41C0B99840048B5A8 = {
			isa = PBXGroup;
			children = (
				288352CF1C0B99840048B5A8 /* HackerBooks */,
				288352E41C0B99840048B5A8 /* HackerBooksTests */,
				288352CE1C0B99840048B5A8 /* Products */,
			);
			sourceTree = "<group>";
		};
		288352CE1C0B99840048B5A8 /* Products */ = {
			isa = PBXGroup;
			children = (
				288352CD1C0B99840048B5A8 /* HackerBooks.app */,
				288352E11C0B99840048B5A8 /* HackerBooksTests.xctest */,
			);
			name = Products;
			sourceTree = "<group>";
		};
		288352CF1C0B99840048B5A8 /* HackerBooks */ = {
			isa = PBXGroup;
			children = (
				28B0069A1C1B3B68003FAC7A /* App */,
			);
			path = HackerBooks;
			sourceTree = "<group>";
		};
		288352E41C0B99840048B5A8 /* HackerBooksTests */ = {
			isa = PBXGroup;
			children = (
				288352E51C0B99850048B5A8 /* HackerBooksTests.swift */,
				288352E71C0B99850048B5A8 /* Info.plist */,
			);
			path = HackerBooksTests;
			sourceTree = "<group>";
		};
		28B0069A1C1B3B68003FAC7A /* App */ = {
			isa = PBXGroup;
			children = (
				286D73751C1D91AA007EDCFB /* Views */,
				286D736E1C1D88B7007EDCFB /* ViewControllers */,
				286D73391C1BF14B007EDCFB /* JSON */,
				286D73381C1BEEA9007EDCFB /* Resources */,
				288352D71C0B99840048B5A8 /* Assets.xcassets */,
				288352DC1C0B99840048B5A8 /* Info.plist */,
				288352D01C0B99840048B5A8 /* AppDelegate.swift */,
				28B0069C1C1B3B8D003FAC7A /* Models */,
				28B0069B1C1B3B78003FAC7A /* Storyboard */,
			);
			name = App;
			sourceTree = "<group>";
		};
		28B0069B1C1B3B78003FAC7A /* Storyboard */ = {
			isa = PBXGroup;
			children = (
				286D736A1C1D88AB007EDCFB /* Main.storyboard */,
				286D736B1C1D88AB007EDCFB /* LaunchScreen.storyboard */,
			);
			name = Storyboard;
			sourceTree = "<group>";
		};
		28B0069C1C1B3B8D003FAC7A /* Models */ = {
			isa = PBXGroup;
			children = (
				28B0069D1C1B3EBF003FAC7A /* BookModel.swift */,
				2808ECB11C1B468000EA65A0 /* LibraryModel.swift */,
			);
			name = Models;
			sourceTree = "<group>";
		};
/* End PBXGroup section */

/* Begin PBXNativeTarget section */
		288352CC1C0B99840048B5A8 /* HackerBooks */ = {
			isa = PBXNativeTarget;
			buildConfigurationList = 288352EA1C0B99850048B5A8 /* Build configuration list for PBXNativeTarget "HackerBooks" */;
			buildPhases = (
				288352C91C0B99840048B5A8 /* Sources */,
				288352CA1C0B99840048B5A8 /* Frameworks */,
				288352CB1C0B99840048B5A8 /* Resources */,
			);
			buildRules = (
			);
			dependencies = (
			);
			name = HackerBooks;
			productName = HackerBooks;
			productReference = 288352CD1C0B99840048B5A8 /* HackerBooks.app */;
			productType = "com.apple.product-type.application";
		};
		288352E01C0B99840048B5A8 /* HackerBooksTests */ = {
			isa = PBXNativeTarget;
			buildConfigurationList = 288352ED1C0B99850048B5A8 /* Build configuration list for PBXNativeTarget "HackerBooksTests" */;
			buildPhases = (
				288352DD1C0B99840048B5A8 /* Sources */,
				288352DE1C0B99840048B5A8 /* Frameworks */,
				288352DF1C0B99840048B5A8 /* Resources */,
			);
			buildRules = (
			);
			dependencies = (
				288352E31C0B99840048B5A8 /* PBXTargetDependency */,
			);
			name = HackerBooksTests;
			productName = HackerBooksTests;
			productReference = 288352E11C0B99840048B5A8 /* HackerBooksTests.xctest */;
			productType = "com.apple.product-type.bundle.unit-test";
		};
/* End PBXNativeTarget section */

/* Begin PBXProject section */
		288352C51C0B99840048B5A8 /* Project object */ = {
			isa = PBXProject;
			attributes = {
				KnownAssetTags = (
					tags,
				);
				LastSwiftUpdateCheck = 0710;
				LastUpgradeCheck = 0710;
				ORGANIZATIONNAME = "Ramiro García Salazar";
				TargetAttributes = {
					288352CC1C0B99840048B5A8 = {
						CreatedOnToolsVersion = 7.1.1;
					};
					288352E01C0B99840048B5A8 = {
						CreatedOnToolsVersion = 7.1.1;
						TestTargetID = 288352CC1C0B99840048B5A8;
					};
				};
			};
			buildConfigurationList = 288352C81C0B99840048B5A8 /* Build configuration list for PBXProject "HackerBooks" */;
			compatibilityVersion = "Xcode 3.2";
			developmentRegion = English;
			hasScannedForEncodings = 0;
			knownRegions = (
				en,
				Base,
			);
			mainGroup = 288352C41C0B99840048B5A8;
			productRefGroup = 288352CE1C0B99840048B5A8 /* Products */;
			projectDirPath = "";
			projectRoot = "";
			targets = (
				288352CC1C0B99840048B5A8 /* HackerBooks */,
				288352E01C0B99840048B5A8 /* HackerBooksTests */,
			);
		};
/* End PBXProject section */

/* Begin PBXResourcesBuildPhase section */
		288352CB1C0B99840048B5A8 /* Resources */ = {
			isa = PBXResourcesBuildPhase;
			buildActionMask = 2147483647;
			files = (
				286D736C1C1D88AB007EDCFB /* Main.storyboard in Resources */,
				286D736D1C1D88AB007EDCFB /* LaunchScreen.storyboard in Resources */,
				286D73371C1BEEA4007EDCFB /* books_readable.json in Resources */,
				288352D81C0B99840048B5A8 /* Assets.xcassets in Resources */,
			);
			runOnlyForDeploymentPostprocessing = 0;
		};
		288352DF1C0B99840048B5A8 /* Resources */ = {
			isa = PBXResourcesBuildPhase;
			buildActionMask = 2147483647;
			files = (
			);
			runOnlyForDeploymentPostprocessing = 0;
		};
/* End PBXResourcesBuildPhase section */

/* Begin PBXSourcesBuildPhase section */
		288352C91C0B99840048B5A8 /* Sources */ = {
			isa = PBXSourcesBuildPhase;
			buildActionMask = 2147483647;
			files = (
				286D73771C1D91CD007EDCFB /* BookTableViewCell.swift in Sources */,
				286D73741C1D915B007EDCFB /* LibraryTableViewController.swift in Sources */,
				286D73711C1D88CD007EDCFB /* MasterViewController.swift in Sources */,
				28B0069E1C1B3EBF003FAC7A /* BookModel.swift in Sources */,
				288352D11C0B99840048B5A8 /* AppDelegate.swift in Sources */,
				286D73721C1D88CD007EDCFB /* DetailViewController.swift in Sources */,
				286D733B1C1BF162007EDCFB /* JSONProcesing.swift in Sources */,
				2808ECB21C1B468000EA65A0 /* LibraryModel.swift in Sources */,
			);
			runOnlyForDeploymentPostprocessing = 0;
		};
		288352DD1C0B99840048B5A8 /* Sources */ = {
			isa = PBXSourcesBuildPhase;
			buildActionMask = 2147483647;
			files = (
				288352E61C0B99850048B5A8 /* HackerBooksTests.swift in Sources */,
			);
			runOnlyForDeploymentPostprocessing = 0;
		};
/* End PBXSourcesBuildPhase section */

/* Begin PBXTargetDependency section */
		288352E31C0B99840048B5A8 /* PBXTargetDependency */ = {
			isa = PBXTargetDependency;
			target = 288352CC1C0B99840048B5A8 /* HackerBooks */;
			targetProxy = 288352E21C0B99840048B5A8 /* PBXContainerItemProxy */;
		};
/* End PBXTargetDependency section */

/* Begin XCBuildConfiguration section */
		288352E81C0B99850048B5A8 /* Debug */ = {
			isa = XCBuildConfiguration;
			buildSettings = {
				ALWAYS_SEARCH_USER_PATHS = NO;
				CLANG_CXX_LANGUAGE_STANDARD = "gnu++0x";
				CLANG_CXX_LIBRARY = "libc++";
				CLANG_ENABLE_MODULES = YES;
				CLANG_ENABLE_OBJC_ARC = YES;
				CLANG_WARN_BOOL_CONVERSION = YES;
				CLANG_WARN_CONSTANT_CONVERSION = YES;
				CLANG_WARN_DIRECT_OBJC_ISA_USAGE = YES_ERROR;
				CLANG_WARN_EMPTY_BODY = YES;
				CLANG_WARN_ENUM_CONVERSION = YES;
				CLANG_WARN_INT_CONVERSION = YES;
				CLANG_WARN_OBJC_ROOT_CLASS = YES_ERROR;
				CLANG_WARN_UNREACHABLE_CODE = YES;
				CLANG_WARN__DUPLICATE_METHOD_MATCH = YES;
				"CODE_SIGN_IDENTITY[sdk=iphoneos*]" = "iPhone Developer";
				COPY_PHASE_STRIP = NO;
				DEBUG_INFORMATION_FORMAT = dwarf;
				ENABLE_STRICT_OBJC_MSGSEND = YES;
				ENABLE_TESTABILITY = YES;
				GCC_C_LANGUAGE_STANDARD = gnu99;
				GCC_DYNAMIC_NO_PIC = NO;
				GCC_NO_COMMON_BLOCKS = YES;
				GCC_OPTIMIZATION_LEVEL = 0;
				GCC_PREPROCESSOR_DEFINITIONS = (
					"DEBUG=1",
					"$(inherited)",
				);
				GCC_WARN_64_TO_32_BIT_CONVERSION = YES;
				GCC_WARN_ABOUT_RETURN_TYPE = YES_ERROR;
				GCC_WARN_UNDECLARED_SELECTOR = YES;
				GCC_WARN_UNINITIALIZED_AUTOS = YES_AGGRESSIVE;
				GCC_WARN_UNUSED_FUNCTION = YES;
				GCC_WARN_UNUSED_VARIABLE = YES;
				IPHONEOS_DEPLOYMENT_TARGET = 9.1;
				MTL_ENABLE_DEBUG_INFO = YES;
				ONLY_ACTIVE_ARCH = YES;
				SDKROOT = iphoneos;
				SWIFT_OPTIMIZATION_LEVEL = "-Onone";
			};
			name = Debug;
		};
		288352E91C0B99850048B5A8 /* Release */ = {
			isa = XCBuildConfiguration;
			buildSettings = {
				ALWAYS_SEARCH_USER_PATHS = NO;
				CLANG_CXX_LANGUAGE_STANDARD = "gnu++0x";
				CLANG_CXX_LIBRARY = "libc++";
				CLANG_ENABLE_MODULES = YES;
				CLANG_ENABLE_OBJC_ARC = YES;
				CLANG_WARN_BOOL_CONVERSION = YES;
				CLANG_WARN_CONSTANT_CONVERSION = YES;
				CLANG_WARN_DIRECT_OBJC_ISA_USAGE = YES_ERROR;
				CLANG_WARN_EMPTY_BODY = YES;
				CLANG_WARN_ENUM_CONVERSION = YES;
				CLANG_WARN_INT_CONVERSION = YES;
				CLANG_WARN_OBJC_ROOT_CLASS = YES_ERROR;
				CLANG_WARN_UNREACHABLE_CODE = YES;
				CLANG_WARN__DUPLICATE_METHOD_MATCH = YES;
				"CODE_SIGN_IDENTITY[sdk=iphoneos*]" = "iPhone Developer";
				COPY_PHASE_STRIP = NO;
				DEBUG_INFORMATION_FORMAT = "dwarf-with-dsym";
				ENABLE_NS_ASSERTIONS = NO;
				ENABLE_STRICT_OBJC_MSGSEND = YES;
				GCC_C_LANGUAGE_STANDARD = gnu99;
				GCC_NO_COMMON_BLOCKS = YES;
				GCC_WARN_64_TO_32_BIT_CONVERSION = YES;
				GCC_WARN_ABOUT_RETURN_TYPE = YES_ERROR;
				GCC_WARN_UNDECLARED_SELECTOR = YES;
				GCC_WARN_UNINITIALIZED_AUTOS = YES_AGGRESSIVE;
				GCC_WARN_UNUSED_FUNCTION = YES;
				GCC_WARN_UNUSED_VARIABLE = YES;
				IPHONEOS_DEPLOYMENT_TARGET = 9.1;
				MTL_ENABLE_DEBUG_INFO = NO;
				SDKROOT = iphoneos;
				VALIDATE_PRODUCT = YES;
			};
			name = Release;
		};
		288352EB1C0B99850048B5A8 /* Debug */ = {
			isa = XCBuildConfiguration;
			buildSettings = {
				ASSETCATALOG_COMPILER_APPICON_NAME = AppIcon;
				INFOPLIST_FILE = HackerBooks/Info.plist;
				LD_RUNPATH_SEARCH_PATHS = "$(inherited) @executable_path/Frameworks";
				PRODUCT_BUNDLE_IDENTIFIER = io.KeepCoding.rgs.HackerBooks;
				PRODUCT_NAME = "$(TARGET_NAME)";
				TARGETED_DEVICE_FAMILY = "1,2";
			};
			name = Debug;
		};
		288352EC1C0B99850048B5A8 /* Release */ = {
			isa = XCBuildConfiguration;
			buildSettings = {
				ASSETCATALOG_COMPILER_APPICON_NAME = AppIcon;
				INFOPLIST_FILE = HackerBooks/Info.plist;
				LD_RUNPATH_SEARCH_PATHS = "$(inherited) @executable_path/Frameworks";
				PRODUCT_BUNDLE_IDENTIFIER = io.KeepCoding.rgs.HackerBooks;
				PRODUCT_NAME = "$(TARGET_NAME)";
				TARGETED_DEVICE_FAMILY = "1,2";
			};
			name = Release;
		};
		288352EE1C0B99850048B5A8 /* Debug */ = {
			isa = XCBuildConfiguration;
			buildSettings = {
				BUNDLE_LOADER = "$(TEST_HOST)";
				INFOPLIST_FILE = HackerBooksTests/Info.plist;
				LD_RUNPATH_SEARCH_PATHS = "$(inherited) @executable_path/Frameworks @loader_path/Frameworks";
				PRODUCT_BUNDLE_IDENTIFIER = io.KeepCoding.rgs.HackerBooksTests;
				PRODUCT_NAME = "$(TARGET_NAME)";
				TEST_HOST = "$(BUILT_PRODUCTS_DIR)/HackerBooks.app/HackerBooks";
			};
			name = Debug;
		};
		288352EF1C0B99850048B5A8 /* Release */ = {
			isa = XCBuildConfiguration;
			buildSettings = {
				BUNDLE_LOADER = "$(TEST_HOST)";
				INFOPLIST_FILE = HackerBooksTests/Info.plist;
				LD_RUNPATH_SEARCH_PATHS = "$(inherited) @executable_path/Frameworks @loader_path/Frameworks";
				PRODUCT_BUNDLE_IDENTIFIER = io.KeepCoding.rgs.HackerBooksTests;
				PRODUCT_NAME = "$(TARGET_NAME)";
				TEST_HOST = "$(BUILT_PRODUCTS_DIR)/HackerBooks.app/HackerBooks";
			};
			name = Release;
		};
/* End XCBuildConfiguration section */

/* Begin XCConfigurationList section */
		288352C81C0B99840048B5A8 /* Build configuration list for PBXProject "HackerBooks" */ = {
			isa = XCConfigurationList;
			buildConfigurations = (
				288352E81C0B99850048B5A8 /* Debug */,
				288352E91C0B99850048B5A8 /* Release */,
			);
			defaultConfigurationIsVisible = 0;
			defaultConfigurationName = Release;
		};
		288352EA1C0B99850048B5A8 /* Build configuration list for PBXNativeTarget "HackerBooks" */ = {
			isa = XCConfigurationList;
			buildConfigurations = (
				288352EB1C0B99850048B5A8 /* Debug */,
				288352EC1C0B99850048B5A8 /* Release */,
			);
			defaultConfigurationIsVisible = 0;
			defaultConfigurationName = Release;
		};
		288352ED1C0B99850048B5A8 /* Build configuration list for PBXNativeTarget "HackerBooksTests" */ = {
			isa = XCConfigurationList;
			buildConfigurations = (
				288352EE1C0B99850048B5A8 /* Debug */,
				288352EF1C0B99850048B5A8 /* Release */,
			);
			defaultConfigurationIsVisible = 0;
			defaultConfigurationName = Release;
		};
/* End XCConfigurationList section */
	};
	rootObject = 288352C51C0B99840048B5A8 /* Project object */;
}
